
Microsoft Visual Studio Solution File, Format Version 12.00
# Visual Studio Version 16
VisualStudioVersion = 16.0.29806.167
MinimumVisualStudioVersion = 10.0.40219.1
Project("{9A19103F-16F7-4668-BE54-9A1E7A4F7556}") = "ComparisonGenerator", "ComparisonGenerator\ComparisonGenerator.csproj", "{CC5BC484-F6F6-422B-A27F-B26C4F1CC74A}"
EndProject
Project("{9A19103F-16F7-4668-BE54-9A1E7A4F7556}") = "ComparisonGenerator.Infrastructure", "ComparisonGenerator.Infrastructure\ComparisonGenerator.Infrastructure.csproj", "{61DBFD89-D2E8-4010-8116-E25B20B3C813}"
EndProject
Project("{FAE04EC0-301F-11D3-BF4B-00C04F79EFBC}") = "ComparisonGenerator.Logic", "ComparisonGenerator.Logic\ComparisonGenerator.Logic.csproj", "{469EBD36-6756-4A23-A82E-1C5BD5FD8843}"
EndProject
Project("{FAE04EC0-301F-11D3-BF4B-00C04F79EFBC}") = "ComparisonGenerator.Test", "ComparisonGenerator.Test\ComparisonGenerator.Test.csproj", "{84BCECB8-3602-4D65-AAC2-8A427D21EEC6}"
EndProject
Project("{FAE04EC0-301F-11D3-BF4B-00C04F79EFBC}") = "ComparisonGenerator.Logic.Test", "ComparisonGenerator.Logic.Test\ComparisonGenerator.Logic.Test.csproj", "{4FF73E70-F6D1-4440-A5CB-DC423DA250B3}"
EndProject
Project("{FAE04EC0-301F-11D3-BF4B-00C04F79EFBC}") = "ComparisonGenerator.Infrastructure.Test", "ComparisonGenerator.Infrastructure.Test\ComparisonGenerator.Infrastructure.Test.csproj", "{9AF89289-CEEC-4755-97CA-0D996BC63812}"
EndProject
Global
	GlobalSection(SolutionConfigurationPlatforms) = preSolution
		Debug|Any CPU = Debug|Any CPU
		Release|Any CPU = Release|Any CPU
	EndGlobalSection
	GlobalSection(ProjectConfigurationPlatforms) = postSolution
		{CC5BC484-F6F6-422B-A27F-B26C4F1CC74A}.Debug|Any CPU.ActiveCfg = Debug|Any CPU
		{CC5BC484-F6F6-422B-A27F-B26C4F1CC74A}.Debug|Any CPU.Build.0 = Debug|Any CPU
		{CC5BC484-F6F6-422B-A27F-B26C4F1CC74A}.Release|Any CPU.ActiveCfg = Release|Any CPU
		{CC5BC484-F6F6-422B-A27F-B26C4F1CC74A}.Release|Any CPU.Build.0 = Release|Any CPU
		{61DBFD89-D2E8-4010-8116-E25B20B3C813}.Debug|Any CPU.ActiveCfg = Debug|Any CPU
		{61DBFD89-D2E8-4010-8116-E25B20B3C813}.Debug|Any CPU.Build.0 = Debug|Any CPU
		{61DBFD89-D2E8-4010-8116-E25B20B3C813}.Release|Any CPU.ActiveCfg = Release|Any CPU
		{61DBFD89-D2E8-4010-8116-E25B20B3C813}.Release|Any CPU.Build.0 = Release|Any CPU
		{469EBD36-6756-4A23-A82E-1C5BD5FD8843}.Debug|Any CPU.ActiveCfg = Debug|Any CPU
		{469EBD36-6756-4A23-A82E-1C5BD5FD8843}.Debug|Any CPU.Build.0 = Debug|Any CPU
		{469EBD36-6756-4A23-A82E-1C5BD5FD8843}.Release|Any CPU.ActiveCfg = Release|Any CPU
		{469EBD36-6756-4A23-A82E-1C5BD5FD8843}.Release|Any CPU.Build.0 = Release|Any CPU
		{84BCECB8-3602-4D65-AAC2-8A427D21EEC6}.Debug|Any CPU.ActiveCfg = Debug|Any CPU
		{84BCECB8-3602-4D65-AAC2-8A427D21EEC6}.Debug|Any CPU.Build.0 = Debug|Any CPU
		{84BCECB8-3602-4D65-AAC2-8A427D21EEC6}.Release|Any CPU.ActiveCfg = Release|Any CPU
		{84BCECB8-3602-4D65-AAC2-8A427D21EEC6}.Release|Any CPU.Build.0 = Release|Any CPU
		{4FF73E70-F6D1-4440-A5CB-DC423DA250B3}.Debug|Any CPU.ActiveCfg = Debug|Any CPU
		{4FF73E70-F6D1-4440-A5CB-DC423DA250B3}.Debug|Any CPU.Build.0 = Debug|Any CPU
		{4FF73E70-F6D1-4440-A5CB-DC423DA250B3}.Release|Any CPU.ActiveCfg = Release|Any CPU
		{4FF73E70-F6D1-4440-A5CB-DC423DA250B3}.Release|Any CPU.Build.0 = Release|Any CPU
		{9AF89289-CEEC-4755-97CA-0D996BC63812}.Debug|Any CPU.ActiveCfg = Debug|Any CPU
		{9AF89289-CEEC-4755-97CA-0D996BC63812}.Debug|Any CPU.Build.0 = Debug|Any CPU
		{9AF89289-CEEC-4755-97CA-0D996BC63812}.Release|Any CPU.ActiveCfg = Release|Any CPU
		{9AF89289-CEEC-4755-97CA-0D996BC63812}.Release|Any CPU.Build.0 = Release|Any CPU
	EndGlobalSection
	GlobalSection(SolutionProperties) = preSolution
		HideSolutionNode = FALSE
	EndGlobalSection
	GlobalSection(ExtensibilityGlobals) = postSolution
		SolutionGuid = {20F00D42-E197-43E0-9A01-DF5C4003A721}
	EndGlobalSection
EndGlobal
